
Microsoft Visual Studio Solution File, Format Version 12.00
# Visual Studio Version 17
VisualStudioVersion = 17.1.32210.238
MinimumVisualStudioVersion = 10.0.40219.1
Project("{FAE04EC0-301F-11D3-BF4B-00C04F79EFBC}") = "PruebaGit", "PruebaGit.csproj", "{AD7B2DA4-576E-4831-A4B5-29755E9CB683}"
EndProject
Global
	GlobalSection(SolutionConfigurationPlatforms) = preSolution
		Debug|Any CPU = Debug|Any CPU
		Release|Any CPU = Release|Any CPU
	EndGlobalSection
	GlobalSection(ProjectConfigurationPlatforms) = postSolution
		{AD7B2DA4-576E-4831-A4B5-29755E9CB683}.Debug|Any CPU.ActiveCfg = Debug|Any CPU
		{AD7B2DA4-576E-4831-A4B5-29755E9CB683}.Debug|Any CPU.Build.0 = Debug|Any CPU
		{AD7B2DA4-576E-4831-A4B5-29755E9CB683}.Release|Any CPU.ActiveCfg = Release|Any CPU
		{AD7B2DA4-576E-4831-A4B5-29755E9CB683}.Release|Any CPU.Build.0 = Release|Any CPU
	EndGlobalSection
	GlobalSection(SolutionProperties) = preSolution
		HideSolutionNode = FALSE
	EndGlobalSection
	GlobalSection(ExtensibilityGlobals) = postSolution
		SolutionGuid = {D7F60F1C-7DB4-441B-B797-C7F7A531ECC3}
	EndGlobalSection
EndGlobal
